{
  "version": 2,
  "dependencies": {
    "net10.0": {
      "AWSSDK.S3": {
        "type": "Direct",
        "requested": "[4.0.18.7, )",
        "resolved": "4.0.18.7",
        "contentHash": "piNwr4vGTewqCWHA5J/pP3HrKZ7/jZXiY3FrBAzofh1oEM++AlwY7YgVRcnkLvYKGWSlZgb7MnDG99hyP60How==",
        "dependencies": {
          "AWSSDK.Core": "[4.0.3.15, 5.0.0)"
        }
      },
      "AWSSDK.Core": {
        "type": "Transitive",
        "resolved": "4.0.3.15",
        "contentHash": "1haLKyBjhwV34uafRco2du36ACf2k0pjKqhYj//y4TROSk3OW/faov0/+zGZidUyUuNP06hvUb8U/LgNPKsSeg=="
      },
      "npmcdn.storage": {
        "type": "Project",
        "dependencies": {
          "OpenTelemetry.Api": "[1.15.0, )"
        }
      },
      "OpenTelemetry.Api": {
        "type": "CentralTransitive",
        "requested": "[1.15.0, )",
        "resolved": "1.15.0",
        "contentHash": "vk5OGdf6K9kQScCWo3bRjhDWCv6Pqw92IpX4dlARZ8B1WL7/2NGTDtCkkw42eQf7UdwyoHKzVvMH/PtL8d6z7w=="
      }
    }
  }
}