{
  "version": 2,
  "dependencies": {
    "net10.0": {
      "Microsoft.Extensions.Caching.Hybrid": {
        "type": "Direct",
        "requested": "[9.2.0-preview.1.25105.6, )",
        "resolved": "9.2.0-preview.1.25105.6",
        "contentHash": "3HcyuxDvVQgy5V7SJx4IorRWeo8pSgCe3JfVF+2tseDhmRLYi3gm6lKHm+7+peXzTNABnahsM9uhCE6NlQ6OOA==",
        "dependencies": {
          "Microsoft.Extensions.Caching.Abstractions": "9.0.2",
          "Microsoft.Extensions.Caching.Memory": "9.0.2",
          "Microsoft.Extensions.Logging.Abstractions": "9.0.2",
          "Microsoft.Extensions.Options": "9.0.2"
        }
      },
      "Microsoft.Extensions.Http": {
        "type": "Direct",
        "requested": "[10.0.3, )",
        "resolved": "10.0.3",
        "contentHash": "M5gWob3dtzlF14oto1lR1ZuSJrR0gGc+obv7zY9LGmX5y3Ndpve29MrrjqJW/m4CFud4TE/KFUuHjjtwxhCO8g==",
        "dependencies": {
          "Microsoft.Extensions.Configuration.Abstractions": "10.0.3",
          "Microsoft.Extensions.DependencyInjection.Abstractions": "10.0.3",
          "Microsoft.Extensions.Diagnostics": "10.0.3",
          "Microsoft.Extensions.Logging": "10.0.3",
          "Microsoft.Extensions.Logging.Abstractions": "10.0.3",
          "Microsoft.Extensions.Options": "10.0.3"
        }
      },
      "OpenTelemetry.Api": {
        "type": "Direct",
        "requested": "[1.15.0, )",
        "resolved": "1.15.0",
        "contentHash": "vk5OGdf6K9kQScCWo3bRjhDWCv6Pqw92IpX4dlARZ8B1WL7/2NGTDtCkkw42eQf7UdwyoHKzVvMH/PtL8d6z7w=="
      },
      "Microsoft.Extensions.Caching.Abstractions": {
        "type": "Transitive",
        "resolved": "9.0.2",
        "contentHash": "a7QhA25n+BzSM5r5d7JznfyluMBGI7z3qyLlFviZ1Eiqv6DdiK27sLZdP/rpYirBM6UYAKxu5TbmfhIy13GN9A==",
        "dependencies": {
          "Microsoft.Extensions.Primitives": "9.0.2"
        }
      },
      "Microsoft.Extensions.Caching.Memory": {
        "type": "Transitive",
        "resolved": "9.0.2",
        "contentHash": "AlEfp0DMz8E1h1Exi8LBrUCNmCYcGDfSM4F/uK1D1cYx/R3w0LVvlmjICqxqXTsy7BEZaCf5leRZY2FuPEiFaw==",
        "dependencies": {
          "Microsoft.Extensions.Caching.Abstractions": "9.0.2",
          "Microsoft.Extensions.DependencyInjection.Abstractions": "9.0.2",
          "Microsoft.Extensions.Logging.Abstractions": "9.0.2",
          "Microsoft.Extensions.Options": "9.0.2",
          "Microsoft.Extensions.Primitives": "9.0.2"
        }
      },
      "Microsoft.Extensions.Configuration": {
        "type": "Transitive",
        "resolved": "10.0.3",
        "contentHash": "H1Cjv2xmm7O3iAGmFTcnSM0ZhLQ/7SqefmAvSJoT1PbXoxeYc2fo0mCLn2JlVbr9E6YpoU9q/o0fI9neDJB0xQ==",
        "dependencies": {
          "Microsoft.Extensions.Configuration.Abstractions": "10.0.3",
          "Microsoft.Extensions.Primitives": "10.0.3"
        }
      },
      "Microsoft.Extensions.Configuration.Abstractions": {
        "type": "Transitive",
        "resolved": "10.0.3",
        "contentHash": "xVDHL0+SIgemfh95fTO9cGLe17TWv/ZP0n7m01z8X6pzt2DmQpucioWR/mYZA1sRlkWnkXzfl0JweLNWmE9WMg==",
        "dependencies": {
          "Microsoft.Extensions.Primitives": "10.0.3"
        }
      },
      "Microsoft.Extensions.Configuration.Binder": {
        "type": "Transitive",
        "resolved": "10.0.3",
        "contentHash": "759UhpKaR5Jsll9kXpkft4z/7tpeF7Dw2rTY/9f9JchaSQTpRFNIPkZFZvoo7fFpbjUaqtDlO5aiGpmQrp/EUA==",
        "dependencies": {
          "Microsoft.Extensions.Configuration": "10.0.3",
          "Microsoft.Extensions.Configuration.Abstractions": "10.0.3"
        }
      },
      "Microsoft.Extensions.DependencyInjection": {
        "type": "Transitive",
        "resolved": "10.0.3",
        "contentHash": "2DLOmC0EkB2smVK8lPP1PIKEgL1arE3CMp9XSIQB/Y7ev5nnnyuM/PizKJ6QfLD08QCYoopSC9SFdbYglDomYg==",
        "dependencies": {
          "Microsoft.Extensions.DependencyInjection.Abstractions": "10.0.3"
        }
      },
      "Microsoft.Extensions.DependencyInjection.Abstractions": {
        "type": "Transitive",
        "resolved": "10.0.3",
        "contentHash": "bwGMrRcAMWx2s/RDgja97p27rxSz2pEQW0+rX5cWAUWVETVJ/eyxGfjAl8vuG5a+lckWmPIE+vcuaZNVB5YDdw=="
      },
      "Microsoft.Extensions.Diagnostics": {
        "type": "Transitive",
        "resolved": "10.0.3",
        "contentHash": "tc0R6i2T+138taoxFPQXb7Sy/4rtq4ytoJrAt4fNGs6k89mHpEhZnXUNgaFKwwb5Ud5rIUeLC6tfpsuHNwiWqg==",
        "dependencies": {
          "Microsoft.Extensions.Configuration": "10.0.3",
          "Microsoft.Extensions.Diagnostics.Abstractions": "10.0.3",
          "Microsoft.Extensions.Options.ConfigurationExtensions": "10.0.3"
        }
      },
      "Microsoft.Extensions.Diagnostics.Abstractions": {
        "type": "Transitive",
        "resolved": "10.0.3",
        "contentHash": "mQiTzAj7PIJ2A9YXR5QhgulS1fTWhmQc3ckd1Mrf3hKW07d03fBDqx8vVaFw+cRTebDOeB6pNqdWdnRxsi1hBA==",
        "dependencies": {
          "Microsoft.Extensions.DependencyInjection.Abstractions": "10.0.3",
          "Microsoft.Extensions.Options": "10.0.3"
        }
      },
      "Microsoft.Extensions.Logging": {
        "type": "Transitive",
        "resolved": "10.0.3",
        "contentHash": "8D9Er1cGXNjNDIB+VLBNHn386L5ls2FoiG9a6o12gyn+GG3w6jdfUhzT8dtBnKcevE7/fsVA8MS3FBgFfClFtQ==",
        "dependencies": {
          "Microsoft.Extensions.DependencyInjection": "10.0.3",
          "Microsoft.Extensions.Logging.Abstractions": "10.0.3",
          "Microsoft.Extensions.Options": "10.0.3"
        }
      },
      "Microsoft.Extensions.Logging.Abstractions": {
        "type": "Transitive",
        "resolved": "10.0.3",
        "contentHash": "lxl0WLk7ROgBFAsjcOYjQ8/DVK+VMszxGBzUhgtQmAsTNldLL5pk9NG/cWTsXHq0lUhUEAtZkEE7jOGOA8bGKQ==",
        "dependencies": {
          "Microsoft.Extensions.DependencyInjection.Abstractions": "10.0.3"
        }
      },
      "Microsoft.Extensions.Options": {
        "type": "Transitive",
        "resolved": "10.0.3",
        "contentHash": "hU6WzGTPvPoLA2ng1ILvWQb3g0qORdlHNsxI8IcPLumJb3suimYUl+bbDzdo1V4KFsvVhnMWzysHpKbZaoDQPQ==",
        "dependencies": {
          "Microsoft.Extensions.DependencyInjection.Abstractions": "10.0.3",
          "Microsoft.Extensions.Primitives": "10.0.3"
        }
      },
      "Microsoft.Extensions.Options.ConfigurationExtensions": {
        "type": "Transitive",
        "resolved": "10.0.3",
        "contentHash": "bn6QoBbbvwmzLIFyxrnL2/e+sqoNUOGbHyfWK9DPONMv1mDCYHm/C7MusYASM31b2lUx6OiDmonb3v+dv5t0nA==",
        "dependencies": {
          "Microsoft.Extensions.Configuration.Abstractions": "10.0.3",
          "Microsoft.Extensions.Configuration.Binder": "10.0.3",
          "Microsoft.Extensions.DependencyInjection.Abstractions": "10.0.3",
          "Microsoft.Extensions.Options": "10.0.3",
          "Microsoft.Extensions.Primitives": "10.0.3"
        }
      },
      "Microsoft.Extensions.Primitives": {
        "type": "Transitive",
        "resolved": "10.0.3",
        "contentHash": "GEcpTwo7sUoLGGNTqV1FZEuL+tTD9m81NX/mh099dqGNna07/UGZShKQNZRw4hv6nlliSUwYQgSYc7OR99Jufg=="
      },
      "npmcdn.storage": {
        "type": "Project",
        "dependencies": {
          "OpenTelemetry.Api": "[1.15.0, )"
        }
      }
    },
    "net10.0/linux-x64": {},
    "net10.0/osx-x64": {},
    "net10.0/win-x64": {}
  }
}